
Microsoft Visual Studio Solution File, Format Version 12.00
# Visual Studio Version 16
VisualStudioVersion = 16.0.31829.152
MinimumVisualStudioVersion = 10.0.40219.1
Project("{8BC9CEB8-8B4A-11D0-8D11-00A0C91BC942}") = "DrawBoard", "DrawBoard.vcxproj", "{026641BF-776E-4841-856A-3C44910BC98E}"
EndProject
Global
	GlobalSection(SolutionConfigurationPlatforms) = preSolution
		Debug|x64 = Debug|x64
		Release|x64 = Release|x64
	EndGlobalSection
	GlobalSection(ProjectConfigurationPlatforms) = postSolution
		{026641BF-776E-4841-856A-3C44910BC98E}.Debug|x64.ActiveCfg = Debug|x64
		{026641BF-776E-4841-856A-3C44910BC98E}.Debug|x64.Build.0 = Debug|x64
		{026641BF-776E-4841-856A-3C44910BC98E}.Release|x64.ActiveCfg = Release|x64
		{026641BF-776E-4841-856A-3C44910BC98E}.Release|x64.Build.0 = Release|x64
	EndGlobalSection
	GlobalSection(SolutionProperties) = preSolution
		HideSolutionNode = FALSE
	EndGlobalSection
	GlobalSection(ExtensibilityGlobals) = postSolution
		SolutionGuid = {B926F369-3763-4923-8150-1A7F28BB41DB}
	EndGlobalSection
EndGlobal
