
Microsoft Visual Studio Solution File, Format Version 12.00
# Visual Studio Version 17
VisualStudioVersion = 17.3.32922.545
MinimumVisualStudioVersion = 10.0.40219.1
Project("{8BC9CEB8-8B4A-11D0-8D11-00A0C91BC942}") = "课设（学生成绩管理系统）原版", "课设（学生成绩管理系统）原版\课设（学生成绩管理系统）原版.vcxproj", "{F24BAA58-62D7-4F47-A55E-76FB66FF5FDF}"
EndProject
Global
	GlobalSection(SolutionConfigurationPlatforms) = preSolution
		Debug|x64 = Debug|x64
		Debug|x86 = Debug|x86
		Release|x64 = Release|x64
		Release|x86 = Release|x86
	EndGlobalSection
	GlobalSection(ProjectConfigurationPlatforms) = postSolution
		{F24BAA58-62D7-4F47-A55E-76FB66FF5FDF}.Debug|x64.ActiveCfg = Debug|x64
		{F24BAA58-62D7-4F47-A55E-76FB66FF5FDF}.Debug|x64.Build.0 = Debug|x64
		{F24BAA58-62D7-4F47-A55E-76FB66FF5FDF}.Debug|x86.ActiveCfg = Debug|Win32
		{F24BAA58-62D7-4F47-A55E-76FB66FF5FDF}.Debug|x86.Build.0 = Debug|Win32
		{F24BAA58-62D7-4F47-A55E-76FB66FF5FDF}.Release|x64.ActiveCfg = Release|x64
		{F24BAA58-62D7-4F47-A55E-76FB66FF5FDF}.Release|x64.Build.0 = Release|x64
		{F24BAA58-62D7-4F47-A55E-76FB66FF5FDF}.Release|x86.ActiveCfg = Release|Win32
		{F24BAA58-62D7-4F47-A55E-76FB66FF5FDF}.Release|x86.Build.0 = Release|Win32
	EndGlobalSection
	GlobalSection(SolutionProperties) = preSolution
		HideSolutionNode = FALSE
	EndGlobalSection
	GlobalSection(ExtensibilityGlobals) = postSolution
		SolutionGuid = {A438A3A3-DA25-4FDD-929F-86AA39440BCB}
	EndGlobalSection
EndGlobal
