
Microsoft Visual Studio Solution File, Format Version 12.00
# Visual Studio Version 17
VisualStudioVersion = 17.3.32922.545
MinimumVisualStudioVersion = 10.0.40219.1
Project("{8BC9CEB8-8B4A-11D0-8D11-00A0C91BC942}") = "test1", "test1\test1.vcxproj", "{6CDCDFA3-145B-43FC-B94F-34A341DD27B6}"
EndProject
Global
	GlobalSection(SolutionConfigurationPlatforms) = preSolution
		Debug|x64 = Debug|x64
		Debug|x86 = Debug|x86
		Release|x64 = Release|x64
		Release|x86 = Release|x86
	EndGlobalSection
	GlobalSection(ProjectConfigurationPlatforms) = postSolution
		{6CDCDFA3-145B-43FC-B94F-34A341DD27B6}.Debug|x64.ActiveCfg = Debug|x64
		{6CDCDFA3-145B-43FC-B94F-34A341DD27B6}.Debug|x64.Build.0 = Debug|x64
		{6CDCDFA3-145B-43FC-B94F-34A341DD27B6}.Debug|x86.ActiveCfg = Debug|Win32
		{6CDCDFA3-145B-43FC-B94F-34A341DD27B6}.Debug|x86.Build.0 = Debug|Win32
		{6CDCDFA3-145B-43FC-B94F-34A341DD27B6}.Release|x64.ActiveCfg = Release|x64
		{6CDCDFA3-145B-43FC-B94F-34A341DD27B6}.Release|x64.Build.0 = Release|x64
		{6CDCDFA3-145B-43FC-B94F-34A341DD27B6}.Release|x86.ActiveCfg = Release|Win32
		{6CDCDFA3-145B-43FC-B94F-34A341DD27B6}.Release|x86.Build.0 = Release|Win32
	EndGlobalSection
	GlobalSection(SolutionProperties) = preSolution
		HideSolutionNode = FALSE
	EndGlobalSection
	GlobalSection(ExtensibilityGlobals) = postSolution
		SolutionGuid = {B4C4CCBB-9875-42E4-8115-F7758B4902B8}
	EndGlobalSection
EndGlobal
