
Microsoft Visual Studio Solution File, Format Version 12.00
# Visual Studio Version 17
VisualStudioVersion = 17.3.32922.545
MinimumVisualStudioVersion = 10.0.40219.1
Project("{8BC9CEB8-8B4A-11D0-8D11-00A0C91BC942}") = "课程设计（学生成绩管理系统）", "课程设计（学生成绩管理系统）\课程设计（学生成绩管理系统）.vcxproj", "{BB102F47-2AD7-422C-9CD9-F0F6B9C483AD}"
EndProject
Global
	GlobalSection(SolutionConfigurationPlatforms) = preSolution
		Debug|x64 = Debug|x64
		Debug|x86 = Debug|x86
		Release|x64 = Release|x64
		Release|x86 = Release|x86
	EndGlobalSection
	GlobalSection(ProjectConfigurationPlatforms) = postSolution
		{BB102F47-2AD7-422C-9CD9-F0F6B9C483AD}.Debug|x64.ActiveCfg = Debug|x64
		{BB102F47-2AD7-422C-9CD9-F0F6B9C483AD}.Debug|x64.Build.0 = Debug|x64
		{BB102F47-2AD7-422C-9CD9-F0F6B9C483AD}.Debug|x86.ActiveCfg = Debug|Win32
		{BB102F47-2AD7-422C-9CD9-F0F6B9C483AD}.Debug|x86.Build.0 = Debug|Win32
		{BB102F47-2AD7-422C-9CD9-F0F6B9C483AD}.Release|x64.ActiveCfg = Release|x64
		{BB102F47-2AD7-422C-9CD9-F0F6B9C483AD}.Release|x64.Build.0 = Release|x64
		{BB102F47-2AD7-422C-9CD9-F0F6B9C483AD}.Release|x86.ActiveCfg = Release|Win32
		{BB102F47-2AD7-422C-9CD9-F0F6B9C483AD}.Release|x86.Build.0 = Release|Win32
	EndGlobalSection
	GlobalSection(SolutionProperties) = preSolution
		HideSolutionNode = FALSE
	EndGlobalSection
	GlobalSection(ExtensibilityGlobals) = postSolution
		SolutionGuid = {D3874DB4-2873-4EB1-AFB0-75E36A3E363E}
	EndGlobalSection
EndGlobal
